
Microsoft Visual Studio Solution File, Format Version 12.00
# Visual Studio Version 17
VisualStudioVersion = 17.5.002.0
MinimumVisualStudioVersion = 10.0.40219.1
Project("{2150E333-8FDC-42A3-9474-1A3956D46DE8}") = "csharp-prep", "csharp-prep", "{E4F63C46-E081-40B2-994A-8C3E310D5B4C}"
EndProject
Project("{9A19103F-16F7-4668-BE54-9A1E7A4F7556}") = "Prep1", "csharp-prep\Prep1\Prep1.csproj", "{889CE556-3E75-445C-B311-1FB30973E54B}"
EndProject
Project("{9A19103F-16F7-4668-BE54-9A1E7A4F7556}") = "Prep2", "csharp-prep\Prep2\Prep2.csproj", "{4BEB6CDB-2591-4070-80D0-9713EEEA228A}"
EndProject
Project("{9A19103F-16F7-4668-BE54-9A1E7A4F7556}") = "Prep3", "csharp-prep\Prep3\Prep3.csproj", "{2A911CA5-89BA-4037-9EB6-CF8670F4EB7F}"
EndProject
Project("{9A19103F-16F7-4668-BE54-9A1E7A4F7556}") = "Prep4", "csharp-prep\Prep4\Prep4.csproj", "{E8A17717-5506-4A29-B1C1-E5C6686A8C57}"
EndProject
Project("{9A19103F-16F7-4668-BE54-9A1E7A4F7556}") = "Prep5", "csharp-prep\Prep5\Prep5.csproj", "{67CC9974-AB03-40B1-A189-7FD87A8081F6}"
EndProject
Project("{2150E333-8FDC-42A3-9474-1A3956D46DE8}") = "final", "final", "{9585B278-0C30-4EE6-9A71-CDF2167E8213}"
EndProject
Project("{9A19103F-16F7-4668-BE54-9A1E7A4F7556}") = "FinalProject", "final\FinalProject\FinalProject.csproj", "{B8C87FAC-B235-40AB-987F-5B80D81EE059}"
EndProject
Project("{9A19103F-16F7-4668-BE54-9A1E7A4F7556}") = "Foundation1", "final\Foundation1\Foundation1.csproj", "{F7EDE523-1AC7-46CE-8C0E-84625E2579DE}"
EndProject
Project("{9A19103F-16F7-4668-BE54-9A1E7A4F7556}") = "Foundation2", "final\Foundation2\Foundation2.csproj", "{C5E0CF0F-6BC8-48A1-9211-3BCE309EB912}"
EndProject
Project("{9A19103F-16F7-4668-BE54-9A1E7A4F7556}") = "Foundation3", "final\Foundation3\Foundation3.csproj", "{E41EC0C7-266A-4E97-BD22-F808B6D856AE}"
EndProject
Project("{9A19103F-16F7-4668-BE54-9A1E7A4F7556}") = "Foundation4", "final\Foundation4\Foundation4.csproj", "{45ED3C1A-F7CB-4742-89BB-720D74A022DC}"
EndProject
Project("{2150E333-8FDC-42A3-9474-1A3956D46DE8}") = "prepare", "prepare", "{84BD0FAE-3115-442F-A7E5-C0C688BA8BE9}"
EndProject
Project("{9A19103F-16F7-4668-BE54-9A1E7A4F7556}") = "Learning02", "prepare\Learning02\Learning02.csproj", "{09C26194-471B-4250-AA6E-B249D2E92CF2}"
EndProject
Project("{9A19103F-16F7-4668-BE54-9A1E7A4F7556}") = "Learning03", "prepare\Learning03\Learning03.csproj", "{B6A423DE-E6A1-4C8E-A80C-B594F7F8D792}"
EndProject
Project("{9A19103F-16F7-4668-BE54-9A1E7A4F7556}") = "Learning04", "prepare\Learning04\Learning04.csproj", "{3D547BAB-454E-4B99-8C8A-9B47CCCAF051}"
EndProject
Project("{9A19103F-16F7-4668-BE54-9A1E7A4F7556}") = "Learning05", "prepare\Learning05\Learning05.csproj", "{2702185C-F393-4B11-A6ED-7B8F4D100E61}"
EndProject
Project("{2150E333-8FDC-42A3-9474-1A3956D46DE8}") = "prove", "prove", "{03E40F43-CE88-4867-A770-EA4B24ED0A6E}"
EndProject
Project("{9A19103F-16F7-4668-BE54-9A1E7A4F7556}") = "Develop02", "prove\Develop02\Develop02.csproj", "{5A6C3080-44B0-42A1-90B2-43CE14E70E94}"
EndProject
Project("{9A19103F-16F7-4668-BE54-9A1E7A4F7556}") = "Develop03", "prove\Develop03\Develop03.csproj", "{E74AE051-F6DB-43CD-A981-8A5185CD1FF5}"
EndProject
Project("{9A19103F-16F7-4668-BE54-9A1E7A4F7556}") = "Develop04", "prove\Develop04\Develop04.csproj", "{DAE8A4C8-416F-46F0-9446-0B053193D54C}"
EndProject
Project("{9A19103F-16F7-4668-BE54-9A1E7A4F7556}") = "Develop05", "prove\Develop05\Develop05.csproj", "{768630E8-FD36-4D17-93E3-B30559BC4A06}"
EndProject
Project("{2150E333-8FDC-42A3-9474-1A3956D46DE8}") = "sandbox", "sandbox", "{DE965F2D-CC9C-4A1F-BB25-9603175D1567}"
EndProject
Project("{9A19103F-16F7-4668-BE54-9A1E7A4F7556}") = "Sandbox", "sandbox\Sandbox\Sandbox.csproj", "{292DFA86-4918-4458-B797-F4F884914C00}"
EndProject
Global
	GlobalSection(SolutionConfigurationPlatforms) = preSolution
		Debug|Any CPU = Debug|Any CPU
		Release|Any CPU = Release|Any CPU
	EndGlobalSection
	GlobalSection(ProjectConfigurationPlatforms) = postSolution
		{889CE556-3E75-445C-B311-1FB30973E54B}.Debug|Any CPU.ActiveCfg = Debug|Any CPU
		{889CE556-3E75-445C-B311-1FB30973E54B}.Debug|Any CPU.Build.0 = Debug|Any CPU
		{889CE556-3E75-445C-B311-1FB30973E54B}.Release|Any CPU.ActiveCfg = Release|Any CPU
		{889CE556-3E75-445C-B311-1FB30973E54B}.Release|Any CPU.Build.0 = Release|Any CPU
		{4BEB6CDB-2591-4070-80D0-9713EEEA228A}.Debug|Any CPU.ActiveCfg = Debug|Any CPU
		{4BEB6CDB-2591-4070-80D0-9713EEEA228A}.Debug|Any CPU.Build.0 = Debug|Any CPU
		{4BEB6CDB-2591-4070-80D0-9713EEEA228A}.Release|Any CPU.ActiveCfg = Release|Any CPU
		{4BEB6CDB-2591-4070-80D0-9713EEEA228A}.Release|Any CPU.Build.0 = Release|Any CPU
		{2A911CA5-89BA-4037-9EB6-CF8670F4EB7F}.Debug|Any CPU.ActiveCfg = Debug|Any CPU
		{2A911CA5-89BA-4037-9EB6-CF8670F4EB7F}.Debug|Any CPU.Build.0 = Debug|Any CPU
		{2A911CA5-89BA-4037-9EB6-CF8670F4EB7F}.Release|Any CPU.ActiveCfg = Release|Any CPU
		{2A911CA5-89BA-4037-9EB6-CF8670F4EB7F}.Release|Any CPU.Build.0 = Release|Any CPU
		{E8A17717-5506-4A29-B1C1-E5C6686A8C57}.Debug|Any CPU.ActiveCfg = Debug|Any CPU
		{E8A17717-5506-4A29-B1C1-E5C6686A8C57}.Debug|Any CPU.Build.0 = Debug|Any CPU
		{E8A17717-5506-4A29-B1C1-E5C6686A8C57}.Release|Any CPU.ActiveCfg = Release|Any CPU
		{E8A17717-5506-4A29-B1C1-E5C6686A8C57}.Release|Any CPU.Build.0 = Release|Any CPU
		{67CC9974-AB03-40B1-A189-7FD87A8081F6}.Debug|Any CPU.ActiveCfg = Debug|Any CPU
		{67CC9974-AB03-40B1-A189-7FD87A8081F6}.Debug|Any CPU.Build.0 = Debug|Any CPU
		{67CC9974-AB03-40B1-A189-7FD87A8081F6}.Release|Any CPU.ActiveCfg = Release|Any CPU
		{67CC9974-AB03-40B1-A189-7FD87A8081F6}.Release|Any CPU.Build.0 = Release|Any CPU
		{B8C87FAC-B235-40AB-987F-5B80D81EE059}.Debug|Any CPU.ActiveCfg = Debug|Any CPU
		{B8C87FAC-B235-40AB-987F-5B80D81EE059}.Debug|Any CPU.Build.0 = Debug|Any CPU
		{B8C87FAC-B235-40AB-987F-5B80D81EE059}.Release|Any CPU.ActiveCfg = Release|Any CPU
		{B8C87FAC-B235-40AB-987F-5B80D81EE059}.Release|Any CPU.Build.0 = Release|Any CPU
		{F7EDE523-1AC7-46CE-8C0E-84625E2579DE}.Debug|Any CPU.ActiveCfg = Debug|Any CPU
		{F7EDE523-1AC7-46CE-8C0E-84625E2579DE}.Debug|Any CPU.Build.0 = Debug|Any CPU
		{F7EDE523-1AC7-46CE-8C0E-84625E2579DE}.Release|Any CPU.ActiveCfg = Release|Any CPU
		{F7EDE523-1AC7-46CE-8C0E-84625E2579DE}.Release|Any CPU.Build.0 = Release|Any CPU
		{C5E0CF0F-6BC8-48A1-9211-3BCE309EB912}.Debug|Any CPU.ActiveCfg = Debug|Any CPU
		{C5E0CF0F-6BC8-48A1-9211-3BCE309EB912}.Debug|Any CPU.Build.0 = Debug|Any CPU
		{C5E0CF0F-6BC8-48A1-9211-3BCE309EB912}.Release|Any CPU.ActiveCfg = Release|Any CPU
		{C5E0CF0F-6BC8-48A1-9211-3BCE309EB912}.Release|Any CPU.Build.0 = Release|Any CPU
		{E41EC0C7-266A-4E97-BD22-F808B6D856AE}.Debug|Any CPU.ActiveCfg = Debug|Any CPU
		{E41EC0C7-266A-4E97-BD22-F808B6D856AE}.Debug|Any CPU.Build.0 = Debug|Any CPU
		{E41EC0C7-266A-4E97-BD22-F808B6D856AE}.Release|Any CPU.ActiveCfg = Release|Any CPU
		{E41EC0C7-266A-4E97-BD22-F808B6D856AE}.Release|Any CPU.Build.0 = Release|Any CPU
		{45ED3C1A-F7CB-4742-89BB-720D74A022DC}.Debug|Any CPU.ActiveCfg = Debug|Any CPU
		{45ED3C1A-F7CB-4742-89BB-720D74A022DC}.Debug|Any CPU.Build.0 = Debug|Any CPU
		{45ED3C1A-F7CB-4742-89BB-720D74A022DC}.Release|Any CPU.ActiveCfg = Release|Any CPU
		{45ED3C1A-F7CB-4742-89BB-720D74A022DC}.Release|Any CPU.Build.0 = Release|Any CPU
		{09C26194-471B-4250-AA6E-B249D2E92CF2}.Debug|Any CPU.ActiveCfg = Debug|Any CPU
		{09C26194-471B-4250-AA6E-B249D2E92CF2}.Debug|Any CPU.Build.0 = Debug|Any CPU
		{09C26194-471B-4250-AA6E-B249D2E92CF2}.Release|Any CPU.ActiveCfg = Release|Any CPU
		{09C26194-471B-4250-AA6E-B249D2E92CF2}.Release|Any CPU.Build.0 = Release|Any CPU
		{B6A423DE-E6A1-4C8E-A80C-B594F7F8D792}.Debug|Any CPU.ActiveCfg = Debug|Any CPU
		{B6A423DE-E6A1-4C8E-A80C-B594F7F8D792}.Debug|Any CPU.Build.0 = Debug|Any CPU
		{B6A423DE-E6A1-4C8E-A80C-B594F7F8D792}.Release|Any CPU.ActiveCfg = Release|Any CPU
		{B6A423DE-E6A1-4C8E-A80C-B594F7F8D792}.Release|Any CPU.Build.0 = Release|Any CPU
		{3D547BAB-454E-4B99-8C8A-9B47CCCAF051}.Debug|Any CPU.ActiveCfg = Debug|Any CPU
		{3D547BAB-454E-4B99-8C8A-9B47CCCAF051}.Debug|Any CPU.Build.0 = Debug|Any CPU
		{3D547BAB-454E-4B99-8C8A-9B47CCCAF051}.Release|Any CPU.ActiveCfg = Release|Any CPU
		{3D547BAB-454E-4B99-8C8A-9B47CCCAF051}.Release|Any CPU.Build.0 = Release|Any CPU
		{2702185C-F393-4B11-A6ED-7B8F4D100E61}.Debug|Any CPU.ActiveCfg = Debug|Any CPU
		{2702185C-F393-4B11-A6ED-7B8F4D100E61}.Debug|Any CPU.Build.0 = Debug|Any CPU
		{2702185C-F393-4B11-A6ED-7B8F4D100E61}.Release|Any CPU.ActiveCfg = Release|Any CPU
		{2702185C-F393-4B11-A6ED-7B8F4D100E61}.Release|Any CPU.Build.0 = Release|Any CPU
		{5A6C3080-44B0-42A1-90B2-43CE14E70E94}.Debug|Any CPU.ActiveCfg = Debug|Any CPU
		{5A6C3080-44B0-42A1-90B2-43CE14E70E94}.Debug|Any CPU.Build.0 = Debug|Any CPU
		{5A6C3080-44B0-42A1-90B2-43CE14E70E94}.Release|Any CPU.ActiveCfg = Release|Any CPU
		{5A6C3080-44B0-42A1-90B2-43CE14E70E94}.Release|Any CPU.Build.0 = Release|Any CPU
		{E74AE051-F6DB-43CD-A981-8A5185CD1FF5}.Debug|Any CPU.ActiveCfg = Debug|Any CPU
		{E74AE051-F6DB-43CD-A981-8A5185CD1FF5}.Debug|Any CPU.Build.0 = Debug|Any CPU
		{E74AE051-F6DB-43CD-A981-8A5185CD1FF5}.Release|Any CPU.ActiveCfg = Release|Any CPU
		{E74AE051-F6DB-43CD-A981-8A5185CD1FF5}.Release|Any CPU.Build.0 = Release|Any CPU
		{DAE8A4C8-416F-46F0-9446-0B053193D54C}.Debug|Any CPU.ActiveCfg = Debug|Any CPU
		{DAE8A4C8-416F-46F0-9446-0B053193D54C}.Debug|Any CPU.Build.0 = Debug|Any CPU
		{DAE8A4C8-416F-46F0-9446-0B053193D54C}.Release|Any CPU.ActiveCfg = Release|Any CPU
		{DAE8A4C8-416F-46F0-9446-0B053193D54C}.Release|Any CPU.Build.0 = Release|Any CPU
		{768630E8-FD36-4D17-93E3-B30559BC4A06}.Debug|Any CPU.ActiveCfg = Debug|Any CPU
		{768630E8-FD36-4D17-93E3-B30559BC4A06}.Debug|Any CPU.Build.0 = Debug|Any CPU
		{768630E8-FD36-4D17-93E3-B30559BC4A06}.Release|Any CPU.ActiveCfg = Release|Any CPU
		{768630E8-FD36-4D17-93E3-B30559BC4A06}.Release|Any CPU.Build.0 = Release|Any CPU
		{292DFA86-4918-4458-B797-F4F884914C00}.Debug|Any CPU.ActiveCfg = Debug|Any CPU
		{292DFA86-4918-4458-B797-F4F884914C00}.Debug|Any CPU.Build.0 = Debug|Any CPU
		{292DFA86-4918-4458-B797-F4F884914C00}.Release|Any CPU.ActiveCfg = Release|Any CPU
		{292DFA86-4918-4458-B797-F4F884914C00}.Release|Any CPU.Build.0 = Release|Any CPU
	EndGlobalSection
	GlobalSection(SolutionProperties) = preSolution
		HideSolutionNode = FALSE
	EndGlobalSection
	GlobalSection(NestedProjects) = preSolution
		{889CE556-3E75-445C-B311-1FB30973E54B} = {E4F63C46-E081-40B2-994A-8C3E310D5B4C}
		{4BEB6CDB-2591-4070-80D0-9713EEEA228A} = {E4F63C46-E081-40B2-994A-8C3E310D5B4C}
		{2A911CA5-89BA-4037-9EB6-CF8670F4EB7F} = {E4F63C46-E081-40B2-994A-8C3E310D5B4C}
		{E8A17717-5506-4A29-B1C1-E5C6686A8C57} = {E4F63C46-E081-40B2-994A-8C3E310D5B4C}
		{67CC9974-AB03-40B1-A189-7FD87A8081F6} = {E4F63C46-E081-40B2-994A-8C3E310D5B4C}
		{B8C87FAC-B235-40AB-987F-5B80D81EE059} = {9585B278-0C30-4EE6-9A71-CDF2167E8213}
		{F7EDE523-1AC7-46CE-8C0E-84625E2579DE} = {9585B278-0C30-4EE6-9A71-CDF2167E8213}
		{C5E0CF0F-6BC8-48A1-9211-3BCE309EB912} = {9585B278-0C30-4EE6-9A71-CDF2167E8213}
		{E41EC0C7-266A-4E97-BD22-F808B6D856AE} = {9585B278-0C30-4EE6-9A71-CDF2167E8213}
		{45ED3C1A-F7CB-4742-89BB-720D74A022DC} = {9585B278-0C30-4EE6-9A71-CDF2167E8213}
		{09C26194-471B-4250-AA6E-B249D2E92CF2} = {84BD0FAE-3115-442F-A7E5-C0C688BA8BE9}
		{B6A423DE-E6A1-4C8E-A80C-B594F7F8D792} = {84BD0FAE-3115-442F-A7E5-C0C688BA8BE9}
		{3D547BAB-454E-4B99-8C8A-9B47CCCAF051} = {84BD0FAE-3115-442F-A7E5-C0C688BA8BE9}
		{2702185C-F393-4B11-A6ED-7B8F4D100E61} = {84BD0FAE-3115-442F-A7E5-C0C688BA8BE9}
		{5A6C3080-44B0-42A1-90B2-43CE14E70E94} = {03E40F43-CE88-4867-A770-EA4B24ED0A6E}
		{E74AE051-F6DB-43CD-A981-8A5185CD1FF5} = {03E40F43-CE88-4867-A770-EA4B24ED0A6E}
		{DAE8A4C8-416F-46F0-9446-0B053193D54C} = {03E40F43-CE88-4867-A770-EA4B24ED0A6E}
		{768630E8-FD36-4D17-93E3-B30559BC4A06} = {03E40F43-CE88-4867-A770-EA4B24ED0A6E}
		{292DFA86-4918-4458-B797-F4F884914C00} = {DE965F2D-CC9C-4A1F-BB25-9603175D1567}
	EndGlobalSection
	GlobalSection(ExtensibilityGlobals) = postSolution
		SolutionGuid = {2D8E29C4-8A00-4761-9F24-13F81235395C}
	EndGlobalSection
EndGlobal
